
Microsoft Visual Studio Solution File, Format Version 12.00
# Visual Studio Version 17
VisualStudioVersion = 17.2.32616.157
MinimumVisualStudioVersion = 10.0.40219.1
Project("{778DAE3C-4631-46EA-AA77-85C1314464D9}") = "Plain Craft Launcher 2", "Plain Craft Launcher 2\Plain Craft Launcher 2.vbproj", "{E2475968-B681-4F27-AE12-486AC9AF276F}"
EndProject
Global
	GlobalSection(SolutionConfigurationPlatforms) = preSolution
		Beta|Any CPU = Beta|Any CPU
		Debug|Any CPU = Debug|Any CPU
		Release|Any CPU = Release|Any CPU
		ReleaseUpdate|Any CPU = ReleaseUpdate|Any CPU
	EndGlobalSection
	GlobalSection(ProjectConfigurationPlatforms) = postSolution
		{E2475968-B681-4F27-AE12-486AC9AF276F}.Beta|Any CPU.ActiveCfg = Debug|Any CPU
		{E2475968-B681-4F27-AE12-486AC9AF276F}.Beta|Any CPU.Build.0 = Debug|Any CPU
		{E2475968-B681-4F27-AE12-486AC9AF276F}.Debug|Any CPU.ActiveCfg = Debug|Any CPU
		{E2475968-B681-4F27-AE12-486AC9AF276F}.Debug|Any CPU.Build.0 = Debug|Any CPU
		{E2475968-B681-4F27-AE12-486AC9AF276F}.Release|Any CPU.ActiveCfg = Release|Any CPU
		{E2475968-B681-4F27-AE12-486AC9AF276F}.Release|Any CPU.Build.0 = Release|Any CPU
		{E2475968-B681-4F27-AE12-486AC9AF276F}.ReleaseUpdate|Any CPU.ActiveCfg = Release|Any CPU
		{E2475968-B681-4F27-AE12-486AC9AF276F}.ReleaseUpdate|Any CPU.Build.0 = Release|Any CPU
	EndGlobalSection
	GlobalSection(SolutionProperties) = preSolution
		HideSolutionNode = FALSE
	EndGlobalSection
	GlobalSection(ExtensibilityGlobals) = postSolution
		SolutionGuid = {838A572E-025C-4A2B-B682-68732EC0FE76}
	EndGlobalSection
	GlobalSection(Performance) = preSolution
		HasPerformanceSessions = true
	EndGlobalSection
	GlobalSection(Performance) = preSolution
		HasPerformanceSessions = true
	EndGlobalSection
EndGlobal
